
Microsoft Visual Studio Solution File, Format Version 12.00
# Visual Studio Version 17
VisualStudioVersion = 17.5.33424.131
MinimumVisualStudioVersion = 10.0.40219.1
Project("{FAE04EC0-301F-11D3-BF4B-00C04F79EFBC}") = "UI", "UI\UI.csproj", "{9DFE3E79-380D-470A-8F50-BA3460337414}"
EndProject
Project("{FAE04EC0-301F-11D3-BF4B-00C04F79EFBC}") = "BE", "BE\BE.csproj", "{30822F4B-3E00-4F1C-BAB9-6A13373F9F84}"
EndProject
Project("{FAE04EC0-301F-11D3-BF4B-00C04F79EFBC}") = "BL", "BL\BL.csproj", "{9CBB56CD-E572-4F4A-8BB8-E83C67C79DF0}"
EndProject
Project("{FAE04EC0-301F-11D3-BF4B-00C04F79EFBC}") = "DB", "DB\DB.csproj", "{6EC44FED-80F0-495E-9B5D-32747DE74847}"
EndProject
Global
	GlobalSection(SolutionConfigurationPlatforms) = preSolution
		Debug|Any CPU = Debug|Any CPU
		Release|Any CPU = Release|Any CPU
	EndGlobalSection
	GlobalSection(ProjectConfigurationPlatforms) = postSolution
		{9DFE3E79-380D-470A-8F50-BA3460337414}.Debug|Any CPU.ActiveCfg = Debug|Any CPU
		{9DFE3E79-380D-470A-8F50-BA3460337414}.Debug|Any CPU.Build.0 = Debug|Any CPU
		{9DFE3E79-380D-470A-8F50-BA3460337414}.Release|Any CPU.ActiveCfg = Release|Any CPU
		{9DFE3E79-380D-470A-8F50-BA3460337414}.Release|Any CPU.Build.0 = Release|Any CPU
		{30822F4B-3E00-4F1C-BAB9-6A13373F9F84}.Debug|Any CPU.ActiveCfg = Debug|Any CPU
		{30822F4B-3E00-4F1C-BAB9-6A13373F9F84}.Debug|Any CPU.Build.0 = Debug|Any CPU
		{30822F4B-3E00-4F1C-BAB9-6A13373F9F84}.Release|Any CPU.ActiveCfg = Release|Any CPU
		{30822F4B-3E00-4F1C-BAB9-6A13373F9F84}.Release|Any CPU.Build.0 = Release|Any CPU
		{9CBB56CD-E572-4F4A-8BB8-E83C67C79DF0}.Debug|Any CPU.ActiveCfg = Debug|Any CPU
		{9CBB56CD-E572-4F4A-8BB8-E83C67C79DF0}.Debug|Any CPU.Build.0 = Debug|Any CPU
		{9CBB56CD-E572-4F4A-8BB8-E83C67C79DF0}.Release|Any CPU.ActiveCfg = Release|Any CPU
		{9CBB56CD-E572-4F4A-8BB8-E83C67C79DF0}.Release|Any CPU.Build.0 = Release|Any CPU
		{6EC44FED-80F0-495E-9B5D-32747DE74847}.Debug|Any CPU.ActiveCfg = Debug|Any CPU
		{6EC44FED-80F0-495E-9B5D-32747DE74847}.Debug|Any CPU.Build.0 = Debug|Any CPU
		{6EC44FED-80F0-495E-9B5D-32747DE74847}.Release|Any CPU.ActiveCfg = Release|Any CPU
		{6EC44FED-80F0-495E-9B5D-32747DE74847}.Release|Any CPU.Build.0 = Release|Any CPU
	EndGlobalSection
	GlobalSection(SolutionProperties) = preSolution
		HideSolutionNode = FALSE
	EndGlobalSection
	GlobalSection(ExtensibilityGlobals) = postSolution
		SolutionGuid = {654467CB-6582-435A-A72E-C1370223D720}
	EndGlobalSection
EndGlobal
